// !$*UTF8*$!
{
	archiveVersion = 1;
	classes = {
	};
	objectVersion = 46;
	objects = {

/* Begin PBXBuildFile section */
		872CE6131AC0D8D10021143F /* AppDelegate.swift in Sources */ = {isa = PBXBuildFile; fileRef = 872CE6081AC0D8D10021143F /* AppDelegate.swift */; };
		872CE6141AC0D8D10021143F /* LaunchScreen.xib in Resources */ = {isa = PBXBuildFile; fileRef = 872CE6091AC0D8D10021143F /* LaunchScreen.xib */; };
		872CE6151AC0D8D10021143F /* Main.storyboard in Resources */ = {isa = PBXBuildFile; fileRef = 872CE60B1AC0D8D10021143F /* Main.storyboard */; };
		872CE6161AC0D8D10021143F /* Images.xcassets in Resources */ = {isa = PBXBuildFile; fileRef = 872CE60D1AC0D8D10021143F /* Images.xcassets */; };
		872CE6171AC0D8D10021143F /* Info.plist in Resources */ = {isa = PBXBuildFile; fileRef = 872CE60E1AC0D8D10021143F /* Info.plist */; };
		872CE6181AC0D8D10021143F /* ViewController.swift in Sources */ = {isa = PBXBuildFile; fileRef = 872CE60F1AC0D8D10021143F /* ViewController.swift */; };
		872CE61A1AC0D8D10021143F /* ZMScrollableNavigationController.swift in Sources */ = {isa = PBXBuildFile; fileRef = 872CE6121AC0D8D10021143F /* ZMScrollableNavigationController.swift */; };
/* End PBXBuildFile section */

/* Begin PBXFileReference section */
		872CE5DE1AC0B4AE0021143F /* ZMScrollableNavigationBar.app */ = {isa = PBXFileReference; explicitFileType = wrapper.application; includeInIndex = 0; path = ZMScrollableNavigationBar.app; sourceTree = BUILT_PRODUCTS_DIR; };
		872CE6081AC0D8D10021143F /* AppDelegate.swift */ = {isa = PBXFileReference; fileEncoding = 4; lastKnownFileType = sourcecode.swift; path = AppDelegate.swift; sourceTree = "<group>"; };
		872CE60A1AC0D8D10021143F /* Base */ = {isa = PBXFileReference; lastKnownFileType = file.xib; name = Base; path = Base.lproj/LaunchScreen.xib; sourceTree = "<group>"; };
		872CE60C1AC0D8D10021143F /* Base */ = {isa = PBXFileReference; lastKnownFileType = file.storyboard; name = Base; path = Base.lproj/Main.storyboard; sourceTree = "<group>"; };
		872CE60D1AC0D8D10021143F /* Images.xcassets */ = {isa = PBXFileReference; lastKnownFileType = folder.assetcatalog; path = Images.xcassets; sourceTree = "<group>"; };
		872CE60E1AC0D8D10021143F /* Info.plist */ = {isa = PBXFileReference; fileEncoding = 4; lastKnownFileType = text.plist.xml; path = Info.plist; sourceTree = "<group>"; };
		872CE60F1AC0D8D10021143F /* ViewController.swift */ = {isa = PBXFileReference; fileEncoding = 4; lastKnownFileType = sourcecode.swift; path = ViewController.swift; sourceTree = "<group>"; };
		872CE6121AC0D8D10021143F /* ZMScrollableNavigationController.swift */ = {isa = PBXFileReference; fileEncoding = 4; lastKnownFileType = sourcecode.swift; path = ZMScrollableNavigationController.swift; sourceTree = "<group>"; };
/* End PBXFileReference section */

/* Begin PBXFrameworksBuildPhase section */
		872CE5DB1AC0B4AE0021143F /* Frameworks */ = {
			isa = PBXFrameworksBuildPhase;
			buildActionMask = 2147483647;
			files = (
			);
			runOnlyForDeploymentPostprocessing = 0;
		};
/* End PBXFrameworksBuildPhase section */

/* Begin PBXGroup section */
		872CE5D51AC0B4AE0021143F = {
			isa = PBXGroup;
			children = (
				872CE6071AC0D8D10021143F /* Test Project */,
				872CE6111AC0D8D10021143F /* ZMScrollableNavigationBar */,
				872CE5DF1AC0B4AE0021143F /* Products */,
			);
			sourceTree = "<group>";
		};
		872CE5DF1AC0B4AE0021143F /* Products */ = {
			isa = PBXGroup;
			children = (
				872CE5DE1AC0B4AE0021143F /* ZMScrollableNavigationBar.app */,
			);
			name = Products;
			sourceTree = "<group>";
		};
		872CE6071AC0D8D10021143F /* Test Project */ = {
			isa = PBXGroup;
			children = (
				872CE6081AC0D8D10021143F /* AppDelegate.swift */,
				872CE60F1AC0D8D10021143F /* ViewController.swift */,
				872CE60B1AC0D8D10021143F /* Main.storyboard */,
				872CE60D1AC0D8D10021143F /* Images.xcassets */,
				872CE6091AC0D8D10021143F /* LaunchScreen.xib */,
				872CE61B1AC0D8DC0021143F /* Supporting Files */,
			);
			path = "Test Project";
			sourceTree = "<group>";
		};
		872CE6111AC0D8D10021143F /* ZMScrollableNavigationBar */ = {
			isa = PBXGroup;
			children = (
				872CE6121AC0D8D10021143F /* ZMScrollableNavigationController.swift */,
			);
			path = ZMScrollableNavigationBar;
			sourceTree = "<group>";
		};
		872CE61B1AC0D8DC0021143F /* Supporting Files */ = {
			isa = PBXGroup;
			children = (
				872CE60E1AC0D8D10021143F /* Info.plist */,
			);
			name = "Supporting Files";
			sourceTree = "<group>";
		};
/* End PBXGroup section */

/* Begin PBXNativeTarget section */
		872CE5DD1AC0B4AE0021143F /* ZMScrollableNavigationBar */ = {
			isa = PBXNativeTarget;
			buildConfigurationList = 872CE5FD1AC0B4AE0021143F /* Build configuration list for PBXNativeTarget "ZMScrollableNavigationBar" */;
			buildPhases = (
				872CE5DA1AC0B4AE0021143F /* Sources */,
				872CE5DB1AC0B4AE0021143F /* Frameworks */,
				872CE5DC1AC0B4AE0021143F /* Resources */,
			);
			buildRules = (
			);
			dependencies = (
			);
			name = ZMScrollableNavigationBar;
			productName = ZMScrollableNavigationBar;
			productReference = 872CE5DE1AC0B4AE0021143F /* ZMScrollableNavigationBar.app */;
			productType = "com.apple.product-type.application";
		};
/* End PBXNativeTarget section */

/* Begin PBXProject section */
		872CE5D61AC0B4AE0021143F /* Project object */ = {
			isa = PBXProject;
			attributes = {
				LastUpgradeCheck = 0620;
				ORGANIZATIONNAME = Zedenem;
				TargetAttributes = {
					872CE5DD1AC0B4AE0021143F = {
						CreatedOnToolsVersion = 6.2;
					};
				};
			};
			buildConfigurationList = 872CE5D91AC0B4AE0021143F /* Build configuration list for PBXProject "ZMScrollableNavigationBar" */;
			compatibilityVersion = "Xcode 3.2";
			developmentRegion = English;
			hasScannedForEncodings = 0;
			knownRegions = (
				en,
				Base,
			);
			mainGroup = 872CE5D51AC0B4AE0021143F;
			productRefGroup = 872CE5DF1AC0B4AE0021143F /* Products */;
			projectDirPath = "";
			projectRoot = "";
			targets = (
				872CE5DD1AC0B4AE0021143F /* ZMScrollableNavigationBar */,
			);
		};
/* End PBXProject section */

/* Begin PBXResourcesBuildPhase section */
		872CE5DC1AC0B4AE0021143F /* Resources */ = {
			isa = PBXResourcesBuildPhase;
			buildActionMask = 2147483647;
			files = (
				872CE6171AC0D8D10021143F /* Info.plist in Resources */,
				872CE6161AC0D8D10021143F /* Images.xcassets in Resources */,
				872CE6141AC0D8D10021143F /* LaunchScreen.xib in Resources */,
				872CE6151AC0D8D10021143F /* Main.storyboard in Resources */,
			);
			runOnlyForDeploymentPostprocessing = 0;
		};
/* End PBXResourcesBuildPhase section */

/* Begin PBXSourcesBuildPhase section */
		872CE5DA1AC0B4AE0021143F /* Sources */ = {
			isa = PBXSourcesBuildPhase;
			buildActionMask = 2147483647;
			files = (
				872CE61A1AC0D8D10021143F /* ZMScrollableNavigationController.swift in Sources */,
				872CE6181AC0D8D10021143F /* ViewController.swift in Sources */,
				872CE6131AC0D8D10021143F /* AppDelegate.swift in Sources */,
			);
			runOnlyForDeploymentPostprocessing = 0;
		};
/* End PBXSourcesBuildPhase section */

/* Begin PBXVariantGroup section */
		872CE6091AC0D8D10021143F /* LaunchScreen.xib */ = {
			isa = PBXVariantGroup;
			children = (
				872CE60A1AC0D8D10021143F /* Base */,
			);
			name = LaunchScreen.xib;
			sourceTree = "<group>";
		};
		872CE60B1AC0D8D10021143F /* Main.storyboard */ = {
			isa = PBXVariantGroup;
			children = (
				872CE60C1AC0D8D10021143F /* Base */,
			);
			name = Main.storyboard;
			sourceTree = "<group>";
		};
/* End PBXVariantGroup section */

/* Begin XCBuildConfiguration section */
		872CE5FB1AC0B4AE0021143F /* Debug */ = {
			isa = XCBuildConfiguration;
			buildSettings = {
				ALWAYS_SEARCH_USER_PATHS = NO;
				CLANG_CXX_LANGUAGE_STANDARD = "gnu++0x";
				CLANG_CXX_LIBRARY = "libc++";
				CLANG_ENABLE_MODULES = YES;
				CLANG_ENABLE_OBJC_ARC = YES;
				CLANG_WARN_BOOL_CONVERSION = YES;
				CLANG_WARN_CONSTANT_CONVERSION = YES;
				CLANG_WARN_DIRECT_OBJC_ISA_USAGE = YES_ERROR;
				CLANG_WARN_EMPTY_BODY = YES;
				CLANG_WARN_ENUM_CONVERSION = YES;
				CLANG_WARN_INT_CONVERSION = YES;
				CLANG_WARN_OBJC_ROOT_CLASS = YES_ERROR;
				CLANG_WARN_UNREACHABLE_CODE = YES;
				CLANG_WARN__DUPLICATE_METHOD_MATCH = YES;
				"CODE_SIGN_IDENTITY[sdk=iphoneos*]" = "iPhone Developer";
				COPY_PHASE_STRIP = NO;
				ENABLE_STRICT_OBJC_MSGSEND = YES;
				GCC_C_LANGUAGE_STANDARD = gnu99;
				GCC_DYNAMIC_NO_PIC = NO;
				GCC_OPTIMIZATION_LEVEL = 0;
				GCC_PREPROCESSOR_DEFINITIONS = (
					"DEBUG=1",
					"$(inherited)",
				);
				GCC_SYMBOLS_PRIVATE_EXTERN = NO;
				GCC_WARN_64_TO_32_BIT_CONVERSION = YES;
				GCC_WARN_ABOUT_RETURN_TYPE = YES_ERROR;
				GCC_WARN_UNDECLARED_SELECTOR = YES;
				GCC_WARN_UNINITIALIZED_AUTOS = YES_AGGRESSIVE;
				GCC_WARN_UNUSED_FUNCTION = YES;
				GCC_WARN_UNUSED_VARIABLE = YES;
				IPHONEOS_DEPLOYMENT_TARGET = 8.2;
				MTL_ENABLE_DEBUG_INFO = YES;
				ONLY_ACTIVE_ARCH = YES;
				SDKROOT = iphoneos;
				SWIFT_OPTIMIZATION_LEVEL = "-Onone";
			};
			name = Debug;
		};
		872CE5FC1AC0B4AE0021143F /* Release */ = {
			isa = XCBuildConfiguration;
			buildSettings = {
				ALWAYS_SEARCH_USER_PATHS = NO;
				CLANG_CXX_LANGUAGE_STANDARD = "gnu++0x";
				CLANG_CXX_LIBRARY = "libc++";
				CLANG_ENABLE_MODULES = YES;
				CLANG_ENABLE_OBJC_ARC = YES;
				CLANG_WARN_BOOL_CONVERSION = YES;
				CLANG_WARN_CONSTANT_CONVERSION = YES;
				CLANG_WARN_DIRECT_OBJC_ISA_USAGE = YES_ERROR;
				CLANG_WARN_EMPTY_BODY = YES;
				CLANG_WARN_ENUM_CONVERSION = YES;
				CLANG_WARN_INT_CONVERSION = YES;
				CLANG_WARN_OBJC_ROOT_CLASS = YES_ERROR;
				CLANG_WARN_UNREACHABLE_CODE = YES;
				CLANG_WARN__DUPLICATE_METHOD_MATCH = YES;
				"CODE_SIGN_IDENTITY[sdk=iphoneos*]" = "iPhone Developer";
				COPY_PHASE_STRIP = NO;
				ENABLE_NS_ASSERTIONS = NO;
				ENABLE_STRICT_OBJC_MSGSEND = YES;
				GCC_C_LANGUAGE_STANDARD = gnu99;
				GCC_WARN_64_TO_32_BIT_CONVERSION = YES;
				GCC_WARN_ABOUT_RETURN_TYPE = YES_ERROR;
				GCC_WARN_UNDECLARED_SELECTOR = YES;
				GCC_WARN_UNINITIALIZED_AUTOS = YES_AGGRESSIVE;
				GCC_WARN_UNUSED_FUNCTION = YES;
				GCC_WARN_UNUSED_VARIABLE = YES;
				IPHONEOS_DEPLOYMENT_TARGET = 8.2;
				MTL_ENABLE_DEBUG_INFO = NO;
				SDKROOT = iphoneos;
				VALIDATE_PRODUCT = YES;
			};
			name = Release;
		};
		872CE5FE1AC0B4AE0021143F /* Debug */ = {
			isa = XCBuildConfiguration;
			buildSettings = {
				ASSETCATALOG_COMPILER_APPICON_NAME = AppIcon;
				INFOPLIST_FILE = "Test Project/Info.plist";
				IPHONEOS_DEPLOYMENT_TARGET = 7.0;
				LD_RUNPATH_SEARCH_PATHS = "$(inherited) @executable_path/Frameworks";
				PRODUCT_NAME = "$(TARGET_NAME)";
				TARGETED_DEVICE_FAMILY = "1,2";
			};
			name = Debug;
		};
		872CE5FF1AC0B4AE0021143F /* Release */ = {
			isa = XCBuildConfiguration;
			buildSettings = {
				ASSETCATALOG_COMPILER_APPICON_NAME = AppIcon;
				INFOPLIST_FILE = "Test Project/Info.plist";
				IPHONEOS_DEPLOYMENT_TARGET = 7.0;
				LD_RUNPATH_SEARCH_PATHS = "$(inherited) @executable_path/Frameworks";
				PRODUCT_NAME = "$(TARGET_NAME)";
				TARGETED_DEVICE_FAMILY = "1,2";
			};
			name = Release;
		};
/* End XCBuildConfiguration section */

/* Begin XCConfigurationList section */
		872CE5D91AC0B4AE0021143F /* Build configuration list for PBXProject "ZMScrollableNavigationBar" */ = {
			isa = XCConfigurationList;
			buildConfigurations = (
				872CE5FB1AC0B4AE0021143F /* Debug */,
				872CE5FC1AC0B4AE0021143F /* Release */,
			);
			defaultConfigurationIsVisible = 0;
			defaultConfigurationName = Release;
		};
		872CE5FD1AC0B4AE0021143F /* Build configuration list for PBXNativeTarget "ZMScrollableNavigationBar" */ = {
			isa = XCConfigurationList;
			buildConfigurations = (
				872CE5FE1AC0B4AE0021143F /* Debug */,
				872CE5FF1AC0B4AE0021143F /* Release */,
			);
			defaultConfigurationIsVisible = 0;
			defaultConfigurationName = Release;
		};
/* End XCConfigurationList section */
	};
	rootObject = 872CE5D61AC0B4AE0021143F /* Project object */;
}
